
Microsoft Visual Studio Solution File, Format Version 12.00
# Visual Studio Version 17
VisualStudioVersion = 17.0.32014.148
MinimumVisualStudioVersion = 10.0.40219.1
Project("{9A19103F-16F7-4668-BE54-9A1E7A4F7556}") = "ProdHelper", "ProdHelper\ProdHelper.csproj", "{E3A93457-D5B1-4B91-8282-BA1FDB591C46}"
EndProject
Project("{2150E333-8FDC-42A3-9474-1A3956D46DE8}") = "Solution Items", "Solution Items", "{FF85AC24-83E0-4750-964F-229EEB663632}"
	ProjectSection(SolutionItems) = preProject
		.editorconfig = .editorconfig
	EndProjectSection
EndProject
Global
	GlobalSection(SolutionConfigurationPlatforms) = preSolution
		Debug|Any CPU = Debug|Any CPU
		Release|Any CPU = Release|Any CPU
	EndGlobalSection
	GlobalSection(ProjectConfigurationPlatforms) = postSolution
		{E3A93457-D5B1-4B91-8282-BA1FDB591C46}.Debug|Any CPU.ActiveCfg = Debug|Any CPU
		{E3A93457-D5B1-4B91-8282-BA1FDB591C46}.Debug|Any CPU.Build.0 = Debug|Any CPU
		{E3A93457-D5B1-4B91-8282-BA1FDB591C46}.Release|Any CPU.ActiveCfg = Release|Any CPU
		{E3A93457-D5B1-4B91-8282-BA1FDB591C46}.Release|Any CPU.Build.0 = Release|Any CPU
	EndGlobalSection
	GlobalSection(SolutionProperties) = preSolution
		HideSolutionNode = FALSE
	EndGlobalSection
	GlobalSection(ExtensibilityGlobals) = postSolution
		SolutionGuid = {EDD471CE-2F33-4409-8998-98F69A88A704}
	EndGlobalSection
EndGlobal
