
Microsoft Visual Studio Solution File, Format Version 12.00
# Visual Studio Version 17
VisualStudioVersion = 17.0.32014.148
MinimumVisualStudioVersion = 10.0.40219.1
Project("{FAE04EC0-301F-11D3-BF4B-00C04F79EFBC}") = "ProdHelper", "ProdHelper\ProdHelper.csproj", "{E3A93457-D5B1-4B91-8282-BA1FDB591C46}"
EndProject
Global
	GlobalSection(SolutionConfigurationPlatforms) = preSolution
		Debug|Any CPU = Debug|Any CPU
		Release|Any CPU = Release|Any CPU
	EndGlobalSection
	GlobalSection(ProjectConfigurationPlatforms) = postSolution
		{E3A93457-D5B1-4B91-8282-BA1FDB591C46}.Debug|Any CPU.ActiveCfg = Debug|Any CPU
		{E3A93457-D5B1-4B91-8282-BA1FDB591C46}.Debug|Any CPU.Build.0 = Debug|Any CPU
		{E3A93457-D5B1-4B91-8282-BA1FDB591C46}.Release|Any CPU.ActiveCfg = Release|Any CPU
		{E3A93457-D5B1-4B91-8282-BA1FDB591C46}.Release|Any CPU.Build.0 = Release|Any CPU
	EndGlobalSection
	GlobalSection(SolutionProperties) = preSolution
		HideSolutionNode = FALSE
	EndGlobalSection
	GlobalSection(ExtensibilityGlobals) = postSolution
		SolutionGuid = {EDD471CE-2F33-4409-8998-98F69A88A704}
	EndGlobalSection
EndGlobal
